
Microsoft Visual Studio Solution File, Format Version 12.00
# Visual Studio 15
VisualStudioVersion = 15.0.28307.902
MinimumVisualStudioVersion = 10.0.40219.1
Project("{2150E333-8FDC-42A3-9474-1A3956D46DE8}") = "Server", "Server", "{A43AF20F-E4F3-4036-97DD-17C1A66376FA}"
EndProject
Project("{FAE04EC0-301F-11D3-BF4B-00C04F79EFBC}") = "Elements", "Server\Elements\Elements.csproj", "{033527E2-EC26-46F7-AA80-8002485B3D08}"
EndProject
Project("{FAE04EC0-301F-11D3-BF4B-00C04F79EFBC}") = "test", "Server\test\test.csproj", "{7BF4713D-7E19-445D-B1AE-DFC3CFC61C07}"
EndProject
Project("{FAE04EC0-301F-11D3-BF4B-00C04F79EFBC}") = "Protect", "Server\Protect\Protect.csproj", "{EBDA0ADB-33EE-415F-8EA7-1F197D9F2635}"
EndProject
Project("{FAE04EC0-301F-11D3-BF4B-00C04F79EFBC}") = "Compare", "Server\Compare\Compare.csproj", "{2123AA49-AA28-4195-9084-B2A459414E31}"
EndProject
Global
	GlobalSection(SolutionConfigurationPlatforms) = preSolution
		Debug|Any CPU = Debug|Any CPU
		Release|Any CPU = Release|Any CPU
	EndGlobalSection
	GlobalSection(ProjectConfigurationPlatforms) = postSolution
		{033527E2-EC26-46F7-AA80-8002485B3D08}.Debug|Any CPU.ActiveCfg = Debug|Any CPU
		{033527E2-EC26-46F7-AA80-8002485B3D08}.Debug|Any CPU.Build.0 = Debug|Any CPU
		{033527E2-EC26-46F7-AA80-8002485B3D08}.Release|Any CPU.ActiveCfg = Release|Any CPU
		{033527E2-EC26-46F7-AA80-8002485B3D08}.Release|Any CPU.Build.0 = Release|Any CPU
		{7BF4713D-7E19-445D-B1AE-DFC3CFC61C07}.Debug|Any CPU.ActiveCfg = Debug|Any CPU
		{7BF4713D-7E19-445D-B1AE-DFC3CFC61C07}.Debug|Any CPU.Build.0 = Debug|Any CPU
		{7BF4713D-7E19-445D-B1AE-DFC3CFC61C07}.Release|Any CPU.ActiveCfg = Release|Any CPU
		{7BF4713D-7E19-445D-B1AE-DFC3CFC61C07}.Release|Any CPU.Build.0 = Release|Any CPU
		{EBDA0ADB-33EE-415F-8EA7-1F197D9F2635}.Debug|Any CPU.ActiveCfg = Debug|Any CPU
		{EBDA0ADB-33EE-415F-8EA7-1F197D9F2635}.Debug|Any CPU.Build.0 = Debug|Any CPU
		{EBDA0ADB-33EE-415F-8EA7-1F197D9F2635}.Release|Any CPU.ActiveCfg = Release|Any CPU
		{EBDA0ADB-33EE-415F-8EA7-1F197D9F2635}.Release|Any CPU.Build.0 = Release|Any CPU
		{2123AA49-AA28-4195-9084-B2A459414E31}.Debug|Any CPU.ActiveCfg = Debug|Any CPU
		{2123AA49-AA28-4195-9084-B2A459414E31}.Debug|Any CPU.Build.0 = Debug|Any CPU
		{2123AA49-AA28-4195-9084-B2A459414E31}.Release|Any CPU.ActiveCfg = Release|Any CPU
		{2123AA49-AA28-4195-9084-B2A459414E31}.Release|Any CPU.Build.0 = Release|Any CPU
	EndGlobalSection
	GlobalSection(SolutionProperties) = preSolution
		HideSolutionNode = FALSE
	EndGlobalSection
	GlobalSection(NestedProjects) = preSolution
		{033527E2-EC26-46F7-AA80-8002485B3D08} = {A43AF20F-E4F3-4036-97DD-17C1A66376FA}
		{7BF4713D-7E19-445D-B1AE-DFC3CFC61C07} = {A43AF20F-E4F3-4036-97DD-17C1A66376FA}
		{EBDA0ADB-33EE-415F-8EA7-1F197D9F2635} = {A43AF20F-E4F3-4036-97DD-17C1A66376FA}
		{2123AA49-AA28-4195-9084-B2A459414E31} = {A43AF20F-E4F3-4036-97DD-17C1A66376FA}
	EndGlobalSection
	GlobalSection(ExtensibilityGlobals) = postSolution
		SolutionGuid = {BAB12041-FCC4-4A4C-AAB3-21E35BD65032}
	EndGlobalSection
EndGlobal
